// !$*UTF8*$!
{
	archiveVersion = 1;
	classes = {
	};
	objectVersion = 46;
	objects = {

/* Begin PBXBuildFile section */
		2665EBE8AF78C15909235E36 /* Pods_social_mediaUITests.framework in Frameworks */ = {isa = PBXBuildFile; fileRef = 2CAB53B883FE8961961BFB00 /* Pods_social_mediaUITests.framework */; };
		4B33C2831F0BB61C006CE84B /* AppDelegate.swift in Sources */ = {isa = PBXBuildFile; fileRef = 4B33C2821F0BB61C006CE84B /* AppDelegate.swift */; };
		4B33C2851F0BB61C006CE84B /* SignInVC.swift in Sources */ = {isa = PBXBuildFile; fileRef = 4B33C2841F0BB61C006CE84B /* SignInVC.swift */; };
		4B33C2881F0BB61C006CE84B /* Main.storyboard in Resources */ = {isa = PBXBuildFile; fileRef = 4B33C2861F0BB61C006CE84B /* Main.storyboard */; };
		4B33C28A1F0BB61C006CE84B /* Assets.xcassets in Resources */ = {isa = PBXBuildFile; fileRef = 4B33C2891F0BB61C006CE84B /* Assets.xcassets */; };
		4B33C28D1F0BB61C006CE84B /* LaunchScreen.storyboard in Resources */ = {isa = PBXBuildFile; fileRef = 4B33C28B1F0BB61C006CE84B /* LaunchScreen.storyboard */; };
		4B33C2981F0BB61C006CE84B /* social_mediaTests.swift in Sources */ = {isa = PBXBuildFile; fileRef = 4B33C2971F0BB61C006CE84B /* social_mediaTests.swift */; };
		4B33C2A31F0BB61C006CE84B /* social_mediaUITests.swift in Sources */ = {isa = PBXBuildFile; fileRef = 4B33C2A21F0BB61C006CE84B /* social_mediaUITests.swift */; };
		4B33C2B11F0BB631006CE84B /* GoogleService-Info.plist in Resources */ = {isa = PBXBuildFile; fileRef = 4B33C2B01F0BB631006CE84B /* GoogleService-Info.plist */; };
		85CFA05D0188FFF7BE84657A /* Pods_social_mediaTests.framework in Frameworks */ = {isa = PBXBuildFile; fileRef = D49B74E49E8269A65A71550B /* Pods_social_mediaTests.framework */; };
		FB802421E2353C5F50CA8630 /* Pods_social_media.framework in Frameworks */ = {isa = PBXBuildFile; fileRef = 05DE4AB3E0380EA508925DD3 /* Pods_social_media.framework */; };
/* End PBXBuildFile section */

/* Begin PBXContainerItemProxy section */
		4B33C2941F0BB61C006CE84B /* PBXContainerItemProxy */ = {
			isa = PBXContainerItemProxy;
			containerPortal = 4B33C2771F0BB61C006CE84B /* Project object */;
			proxyType = 1;
			remoteGlobalIDString = 4B33C27E1F0BB61C006CE84B;
			remoteInfo = "social-media";
		};
		4B33C29F1F0BB61C006CE84B /* PBXContainerItemProxy */ = {
			isa = PBXContainerItemProxy;
			containerPortal = 4B33C2771F0BB61C006CE84B /* Project object */;
			proxyType = 1;
			remoteGlobalIDString = 4B33C27E1F0BB61C006CE84B;
			remoteInfo = "social-media";
		};
/* End PBXContainerItemProxy section */

/* Begin PBXFileReference section */
		05DE4AB3E0380EA508925DD3 /* Pods_social_media.framework */ = {isa = PBXFileReference; explicitFileType = wrapper.framework; includeInIndex = 0; path = Pods_social_media.framework; sourceTree = BUILT_PRODUCTS_DIR; };
		128E0F462C7F1317A693D20E /* Pods-social-mediaUITests.debug.xcconfig */ = {isa = PBXFileReference; includeInIndex = 1; lastKnownFileType = text.xcconfig; name = "Pods-social-mediaUITests.debug.xcconfig"; path = "Pods/Target Support Files/Pods-social-mediaUITests/Pods-social-mediaUITests.debug.xcconfig"; sourceTree = "<group>"; };
		2CAB53B883FE8961961BFB00 /* Pods_social_mediaUITests.framework */ = {isa = PBXFileReference; explicitFileType = wrapper.framework; includeInIndex = 0; path = Pods_social_mediaUITests.framework; sourceTree = BUILT_PRODUCTS_DIR; };
		467FFA353307BDE6BE8B99DB /* Pods-social-mediaTests.debug.xcconfig */ = {isa = PBXFileReference; includeInIndex = 1; lastKnownFileType = text.xcconfig; name = "Pods-social-mediaTests.debug.xcconfig"; path = "Pods/Target Support Files/Pods-social-mediaTests/Pods-social-mediaTests.debug.xcconfig"; sourceTree = "<group>"; };
		4B33C27F1F0BB61C006CE84B /* social-media.app */ = {isa = PBXFileReference; explicitFileType = wrapper.application; includeInIndex = 0; path = "social-media.app"; sourceTree = BUILT_PRODUCTS_DIR; };
		4B33C2821F0BB61C006CE84B /* AppDelegate.swift */ = {isa = PBXFileReference; lastKnownFileType = sourcecode.swift; path = AppDelegate.swift; sourceTree = "<group>"; };
		4B33C2841F0BB61C006CE84B /* SignInVC.swift */ = {isa = PBXFileReference; lastKnownFileType = sourcecode.swift; path = SignInVC.swift; sourceTree = "<group>"; };
		4B33C2871F0BB61C006CE84B /* Base */ = {isa = PBXFileReference; lastKnownFileType = file.storyboard; name = Base; path = Base.lproj/Main.storyboard; sourceTree = "<group>"; };
		4B33C2891F0BB61C006CE84B /* Assets.xcassets */ = {isa = PBXFileReference; lastKnownFileType = folder.assetcatalog; path = Assets.xcassets; sourceTree = "<group>"; };
		4B33C28C1F0BB61C006CE84B /* Base */ = {isa = PBXFileReference; lastKnownFileType = file.storyboard; name = Base; path = Base.lproj/LaunchScreen.storyboard; sourceTree = "<group>"; };
		4B33C28E1F0BB61C006CE84B /* Info.plist */ = {isa = PBXFileReference; lastKnownFileType = text.plist.xml; path = Info.plist; sourceTree = "<group>"; };
		4B33C2931F0BB61C006CE84B /* social-mediaTests.xctest */ = {isa = PBXFileReference; explicitFileType = wrapper.cfbundle; includeInIndex = 0; path = "social-mediaTests.xctest"; sourceTree = BUILT_PRODUCTS_DIR; };
		4B33C2971F0BB61C006CE84B /* social_mediaTests.swift */ = {isa = PBXFileReference; lastKnownFileType = sourcecode.swift; path = social_mediaTests.swift; sourceTree = "<group>"; };
		4B33C2991F0BB61C006CE84B /* Info.plist */ = {isa = PBXFileReference; lastKnownFileType = text.plist.xml; path = Info.plist; sourceTree = "<group>"; };
		4B33C29E1F0BB61C006CE84B /* social-mediaUITests.xctest */ = {isa = PBXFileReference; explicitFileType = wrapper.cfbundle; includeInIndex = 0; path = "social-mediaUITests.xctest"; sourceTree = BUILT_PRODUCTS_DIR; };
		4B33C2A21F0BB61C006CE84B /* social_mediaUITests.swift */ = {isa = PBXFileReference; lastKnownFileType = sourcecode.swift; path = social_mediaUITests.swift; sourceTree = "<group>"; };
		4B33C2A41F0BB61C006CE84B /* Info.plist */ = {isa = PBXFileReference; lastKnownFileType = text.plist.xml; path = Info.plist; sourceTree = "<group>"; };
		4B33C2B01F0BB631006CE84B /* GoogleService-Info.plist */ = {isa = PBXFileReference; fileEncoding = 4; lastKnownFileType = text.plist.xml; path = "GoogleService-Info.plist"; sourceTree = "<group>"; };
		750CE08D24C0C292C74891D0 /* Pods-social-mediaUITests.release.xcconfig */ = {isa = PBXFileReference; includeInIndex = 1; lastKnownFileType = text.xcconfig; name = "Pods-social-mediaUITests.release.xcconfig"; path = "Pods/Target Support Files/Pods-social-mediaUITests/Pods-social-mediaUITests.release.xcconfig"; sourceTree = "<group>"; };
		D3D1A3A6448FFC982C4E2067 /* Pods-social-media.release.xcconfig */ = {isa = PBXFileReference; includeInIndex = 1; lastKnownFileType = text.xcconfig; name = "Pods-social-media.release.xcconfig"; path = "Pods/Target Support Files/Pods-social-media/Pods-social-media.release.xcconfig"; sourceTree = "<group>"; };
		D49B74E49E8269A65A71550B /* Pods_social_mediaTests.framework */ = {isa = PBXFileReference; explicitFileType = wrapper.framework; includeInIndex = 0; path = Pods_social_mediaTests.framework; sourceTree = BUILT_PRODUCTS_DIR; };
		E1F0E0355D2338B672F96396 /* Pods-social-media.debug.xcconfig */ = {isa = PBXFileReference; includeInIndex = 1; lastKnownFileType = text.xcconfig; name = "Pods-social-media.debug.xcconfig"; path = "Pods/Target Support Files/Pods-social-media/Pods-social-media.debug.xcconfig"; sourceTree = "<group>"; };
		FD01FD9AE00986CC638AEC58 /* Pods-social-mediaTests.release.xcconfig */ = {isa = PBXFileReference; includeInIndex = 1; lastKnownFileType = text.xcconfig; name = "Pods-social-mediaTests.release.xcconfig"; path = "Pods/Target Support Files/Pods-social-mediaTests/Pods-social-mediaTests.release.xcconfig"; sourceTree = "<group>"; };
/* End PBXFileReference section */

/* Begin PBXFrameworksBuildPhase section */
		4B33C27C1F0BB61C006CE84B /* Frameworks */ = {
			isa = PBXFrameworksBuildPhase;
			buildActionMask = 2147483647;
			files = (
				FB802421E2353C5F50CA8630 /* Pods_social_media.framework in Frameworks */,
			);
			runOnlyForDeploymentPostprocessing = 0;
		};
		4B33C2901F0BB61C006CE84B /* Frameworks */ = {
			isa = PBXFrameworksBuildPhase;
			buildActionMask = 2147483647;
			files = (
				85CFA05D0188FFF7BE84657A /* Pods_social_mediaTests.framework in Frameworks */,
			);
			runOnlyForDeploymentPostprocessing = 0;
		};
		4B33C29B1F0BB61C006CE84B /* Frameworks */ = {
			isa = PBXFrameworksBuildPhase;
			buildActionMask = 2147483647;
			files = (
				2665EBE8AF78C15909235E36 /* Pods_social_mediaUITests.framework in Frameworks */,
			);
			runOnlyForDeploymentPostprocessing = 0;
		};
/* End PBXFrameworksBuildPhase section */

/* Begin PBXGroup section */
		4B151A7A1F0D6BC5009523DB /* Model */ = {
			isa = PBXGroup;
			children = (
			);
			name = Model;
			sourceTree = "<group>";
		};
		4B151A7B1F0D6BCE009523DB /* View */ = {
			isa = PBXGroup;
			children = (
			);
			name = View;
			sourceTree = "<group>";
		};
		4B151A7C1F0D6BDA009523DB /* Controller */ = {
			isa = PBXGroup;
			children = (
				4B33C2841F0BB61C006CE84B /* SignInVC.swift */,
			);
			name = Controller;
			sourceTree = "<group>";
		};
		4B33C2761F0BB61C006CE84B = {
			isa = PBXGroup;
			children = (
				4B33C2811F0BB61C006CE84B /* social-media */,
				4B33C2961F0BB61C006CE84B /* social-mediaTests */,
				4B33C2A11F0BB61C006CE84B /* social-mediaUITests */,
				4B33C2801F0BB61C006CE84B /* Products */,
				4CFB2BF0081D2FC21F29F22E /* Pods */,
				7E89DD773D517394CB428DF6 /* Frameworks */,
			);
			sourceTree = "<group>";
		};
		4B33C2801F0BB61C006CE84B /* Products */ = {
			isa = PBXGroup;
			children = (
				4B33C27F1F0BB61C006CE84B /* social-media.app */,
				4B33C2931F0BB61C006CE84B /* social-mediaTests.xctest */,
				4B33C29E1F0BB61C006CE84B /* social-mediaUITests.xctest */,
			);
			name = Products;
			sourceTree = "<group>";
		};
		4B33C2811F0BB61C006CE84B /* social-media */ = {
			isa = PBXGroup;
			children = (
				4B151A7A1F0D6BC5009523DB /* Model */,
				4B151A7C1F0D6BDA009523DB /* Controller */,
				4B151A7B1F0D6BCE009523DB /* View */,
				4B33C2821F0BB61C006CE84B /* AppDelegate.swift */,
				4B33C2861F0BB61C006CE84B /* Main.storyboard */,
				4B33C2891F0BB61C006CE84B /* Assets.xcassets */,
				4B33C28B1F0BB61C006CE84B /* LaunchScreen.storyboard */,
				4B33C28E1F0BB61C006CE84B /* Info.plist */,
				4B33C2B01F0BB631006CE84B /* GoogleService-Info.plist */,
			);
			path = "social-media";
			sourceTree = "<group>";
		};
		4B33C2961F0BB61C006CE84B /* social-mediaTests */ = {
			isa = PBXGroup;
			children = (
				4B33C2971F0BB61C006CE84B /* social_mediaTests.swift */,
				4B33C2991F0BB61C006CE84B /* Info.plist */,
			);
			path = "social-mediaTests";
			sourceTree = "<group>";
		};
		4B33C2A11F0BB61C006CE84B /* social-mediaUITests */ = {
			isa = PBXGroup;
			children = (
				4B33C2A21F0BB61C006CE84B /* social_mediaUITests.swift */,
				4B33C2A41F0BB61C006CE84B /* Info.plist */,
			);
			path = "social-mediaUITests";
			sourceTree = "<group>";
		};
		4CFB2BF0081D2FC21F29F22E /* Pods */ = {
			isa = PBXGroup;
			children = (
				E1F0E0355D2338B672F96396 /* Pods-social-media.debug.xcconfig */,
				D3D1A3A6448FFC982C4E2067 /* Pods-social-media.release.xcconfig */,
				467FFA353307BDE6BE8B99DB /* Pods-social-mediaTests.debug.xcconfig */,
				FD01FD9AE00986CC638AEC58 /* Pods-social-mediaTests.release.xcconfig */,
				128E0F462C7F1317A693D20E /* Pods-social-mediaUITests.debug.xcconfig */,
				750CE08D24C0C292C74891D0 /* Pods-social-mediaUITests.release.xcconfig */,
			);
			name = Pods;
			sourceTree = "<group>";
		};
		7E89DD773D517394CB428DF6 /* Frameworks */ = {
			isa = PBXGroup;
			children = (
				05DE4AB3E0380EA508925DD3 /* Pods_social_media.framework */,
				D49B74E49E8269A65A71550B /* Pods_social_mediaTests.framework */,
				2CAB53B883FE8961961BFB00 /* Pods_social_mediaUITests.framework */,
			);
			name = Frameworks;
			sourceTree = "<group>";
		};
/* End PBXGroup section */

/* Begin PBXNativeTarget section */
		4B33C27E1F0BB61C006CE84B /* social-media */ = {
			isa = PBXNativeTarget;
			buildConfigurationList = 4B33C2A71F0BB61C006CE84B /* Build configuration list for PBXNativeTarget "social-media" */;
			buildPhases = (
				318219DB2A06B1F50DCC627F /* [CP] Check Pods Manifest.lock */,
				4B33C27B1F0BB61C006CE84B /* Sources */,
				4B33C27C1F0BB61C006CE84B /* Frameworks */,
				4B33C27D1F0BB61C006CE84B /* Resources */,
				A260C216288F4F138E484C4E /* [CP] Embed Pods Frameworks */,
				7207316504BC7E5F7475A477 /* [CP] Copy Pods Resources */,
			);
			buildRules = (
			);
			dependencies = (
			);
			name = "social-media";
			productName = "social-media";
			productReference = 4B33C27F1F0BB61C006CE84B /* social-media.app */;
			productType = "com.apple.product-type.application";
		};
		4B33C2921F0BB61C006CE84B /* social-mediaTests */ = {
			isa = PBXNativeTarget;
			buildConfigurationList = 4B33C2AA1F0BB61C006CE84B /* Build configuration list for PBXNativeTarget "social-mediaTests" */;
			buildPhases = (
				9A9B7D58DB0FE4590C2932A7 /* [CP] Check Pods Manifest.lock */,
				4B33C28F1F0BB61C006CE84B /* Sources */,
				4B33C2901F0BB61C006CE84B /* Frameworks */,
				4B33C2911F0BB61C006CE84B /* Resources */,
				504303E80DF63095606CA5CB /* [CP] Embed Pods Frameworks */,
				2473DED039EF2A947EE039BB /* [CP] Copy Pods Resources */,
			);
			buildRules = (
			);
			dependencies = (
				4B33C2951F0BB61C006CE84B /* PBXTargetDependency */,
			);
			name = "social-mediaTests";
			productName = "social-mediaTests";
			productReference = 4B33C2931F0BB61C006CE84B /* social-mediaTests.xctest */;
			productType = "com.apple.product-type.bundle.unit-test";
		};
		4B33C29D1F0BB61C006CE84B /* social-mediaUITests */ = {
			isa = PBXNativeTarget;
			buildConfigurationList = 4B33C2AD1F0BB61C006CE84B /* Build configuration list for PBXNativeTarget "social-mediaUITests" */;
			buildPhases = (
				1CE2CF7070735A5D974CEA95 /* [CP] Check Pods Manifest.lock */,
				4B33C29A1F0BB61C006CE84B /* Sources */,
				4B33C29B1F0BB61C006CE84B /* Frameworks */,
				4B33C29C1F0BB61C006CE84B /* Resources */,
				3216873C2F3ECEA175521729 /* [CP] Embed Pods Frameworks */,
				B694B7FEEE356D1C41C8F287 /* [CP] Copy Pods Resources */,
			);
			buildRules = (
			);
			dependencies = (
				4B33C2A01F0BB61C006CE84B /* PBXTargetDependency */,
			);
			name = "social-mediaUITests";
			productName = "social-mediaUITests";
			productReference = 4B33C29E1F0BB61C006CE84B /* social-mediaUITests.xctest */;
			productType = "com.apple.product-type.bundle.ui-testing";
		};
/* End PBXNativeTarget section */

/* Begin PBXProject section */
		4B33C2771F0BB61C006CE84B /* Project object */ = {
			isa = PBXProject;
			attributes = {
				LastSwiftUpdateCheck = 0830;
				LastUpgradeCheck = 0830;
				ORGANIZATIONNAME = "Gopal Bhojwani";
				TargetAttributes = {
					4B33C27E1F0BB61C006CE84B = {
						CreatedOnToolsVersion = 8.3.3;
						DevelopmentTeam = P7A6STVL96;
						ProvisioningStyle = Automatic;
					};
					4B33C2921F0BB61C006CE84B = {
						CreatedOnToolsVersion = 8.3.3;
						DevelopmentTeam = P7A6STVL96;
						ProvisioningStyle = Automatic;
						TestTargetID = 4B33C27E1F0BB61C006CE84B;
					};
					4B33C29D1F0BB61C006CE84B = {
						CreatedOnToolsVersion = 8.3.3;
						DevelopmentTeam = P7A6STVL96;
						ProvisioningStyle = Automatic;
						TestTargetID = 4B33C27E1F0BB61C006CE84B;
					};
				};
			};
			buildConfigurationList = 4B33C27A1F0BB61C006CE84B /* Build configuration list for PBXProject "social-media" */;
			compatibilityVersion = "Xcode 3.2";
			developmentRegion = English;
			hasScannedForEncodings = 0;
			knownRegions = (
				en,
				Base,
			);
			mainGroup = 4B33C2761F0BB61C006CE84B;
			productRefGroup = 4B33C2801F0BB61C006CE84B /* Products */;
			projectDirPath = "";
			projectRoot = "";
			targets = (
				4B33C27E1F0BB61C006CE84B /* social-media */,
				4B33C2921F0BB61C006CE84B /* social-mediaTests */,
				4B33C29D1F0BB61C006CE84B /* social-mediaUITests */,
			);
		};
/* End PBXProject section */

/* Begin PBXResourcesBuildPhase section */
		4B33C27D1F0BB61C006CE84B /* Resources */ = {
			isa = PBXResourcesBuildPhase;
			buildActionMask = 2147483647;
			files = (
				4B33C2B11F0BB631006CE84B /* GoogleService-Info.plist in Resources */,
				4B33C28D1F0BB61C006CE84B /* LaunchScreen.storyboard in Resources */,
				4B33C28A1F0BB61C006CE84B /* Assets.xcassets in Resources */,
				4B33C2881F0BB61C006CE84B /* Main.storyboard in Resources */,
			);
			runOnlyForDeploymentPostprocessing = 0;
		};
		4B33C2911F0BB61C006CE84B /* Resources */ = {
			isa = PBXResourcesBuildPhase;
			buildActionMask = 2147483647;
			files = (
			);
			runOnlyForDeploymentPostprocessing = 0;
		};
		4B33C29C1F0BB61C006CE84B /* Resources */ = {
			isa = PBXResourcesBuildPhase;
			buildActionMask = 2147483647;
			files = (
			);
			runOnlyForDeploymentPostprocessing = 0;
		};
/* End PBXResourcesBuildPhase section */

/* Begin PBXShellScriptBuildPhase section */
		1CE2CF7070735A5D974CEA95 /* [CP] Check Pods Manifest.lock */ = {
			isa = PBXShellScriptBuildPhase;
			buildActionMask = 2147483647;
			files = (
			);
			inputPaths = (
			);
			name = "[CP] Check Pods Manifest.lock";
			outputPaths = (
			);
			runOnlyForDeploymentPostprocessing = 0;
			shellPath = /bin/sh;
			shellScript = "diff \"${PODS_PODFILE_DIR_PATH}/Podfile.lock\" \"${PODS_ROOT}/Manifest.lock\" > /dev/null\nif [ $? != 0 ] ; then\n    # print error to STDERR\n    echo \"error: The sandbox is not in sync with the Podfile.lock. Run 'pod install' or update your CocoaPods installation.\" >&2\n    exit 1\nfi\n";
			showEnvVarsInLog = 0;
		};
		2473DED039EF2A947EE039BB /* [CP] Copy Pods Resources */ = {
			isa = PBXShellScriptBuildPhase;
			buildActionMask = 2147483647;
			files = (
			);
			inputPaths = (
			);
			name = "[CP] Copy Pods Resources";
			outputPaths = (
			);
			runOnlyForDeploymentPostprocessing = 0;
			shellPath = /bin/sh;
			shellScript = "\"${SRCROOT}/Pods/Target Support Files/Pods-social-mediaTests/Pods-social-mediaTests-resources.sh\"\n";
			showEnvVarsInLog = 0;
		};
		318219DB2A06B1F50DCC627F /* [CP] Check Pods Manifest.lock */ = {
			isa = PBXShellScriptBuildPhase;
			buildActionMask = 2147483647;
			files = (
			);
			inputPaths = (
			);
			name = "[CP] Check Pods Manifest.lock";
			outputPaths = (
			);
			runOnlyForDeploymentPostprocessing = 0;
			shellPath = /bin/sh;
			shellScript = "diff \"${PODS_PODFILE_DIR_PATH}/Podfile.lock\" \"${PODS_ROOT}/Manifest.lock\" > /dev/null\nif [ $? != 0 ] ; then\n    # print error to STDERR\n    echo \"error: The sandbox is not in sync with the Podfile.lock. Run 'pod install' or update your CocoaPods installation.\" >&2\n    exit 1\nfi\n";
			showEnvVarsInLog = 0;
		};
		3216873C2F3ECEA175521729 /* [CP] Embed Pods Frameworks */ = {
			isa = PBXShellScriptBuildPhase;
			buildActionMask = 2147483647;
			files = (
			);
			inputPaths = (
			);
			name = "[CP] Embed Pods Frameworks";
			outputPaths = (
			);
			runOnlyForDeploymentPostprocessing = 0;
			shellPath = /bin/sh;
			shellScript = "\"${SRCROOT}/Pods/Target Support Files/Pods-social-mediaUITests/Pods-social-mediaUITests-frameworks.sh\"\n";
			showEnvVarsInLog = 0;
		};
		504303E80DF63095606CA5CB /* [CP] Embed Pods Frameworks */ = {
			isa = PBXShellScriptBuildPhase;
			buildActionMask = 2147483647;
			files = (
			);
			inputPaths = (
			);
			name = "[CP] Embed Pods Frameworks";
			outputPaths = (
			);
			runOnlyForDeploymentPostprocessing = 0;
			shellPath = /bin/sh;
			shellScript = "\"${SRCROOT}/Pods/Target Support Files/Pods-social-mediaTests/Pods-social-mediaTests-frameworks.sh\"\n";
			showEnvVarsInLog = 0;
		};
		7207316504BC7E5F7475A477 /* [CP] Copy Pods Resources */ = {
			isa = PBXShellScriptBuildPhase;
			buildActionMask = 2147483647;
			files = (
			);
			inputPaths = (
			);
			name = "[CP] Copy Pods Resources";
			outputPaths = (
			);
			runOnlyForDeploymentPostprocessing = 0;
			shellPath = /bin/sh;
			shellScript = "\"${SRCROOT}/Pods/Target Support Files/Pods-social-media/Pods-social-media-resources.sh\"\n";
			showEnvVarsInLog = 0;
		};
		9A9B7D58DB0FE4590C2932A7 /* [CP] Check Pods Manifest.lock */ = {
			isa = PBXShellScriptBuildPhase;
			buildActionMask = 2147483647;
			files = (
			);
			inputPaths = (
			);
			name = "[CP] Check Pods Manifest.lock";
			outputPaths = (
			);
			runOnlyForDeploymentPostprocessing = 0;
			shellPath = /bin/sh;
			shellScript = "diff \"${PODS_PODFILE_DIR_PATH}/Podfile.lock\" \"${PODS_ROOT}/Manifest.lock\" > /dev/null\nif [ $? != 0 ] ; then\n    # print error to STDERR\n    echo \"error: The sandbox is not in sync with the Podfile.lock. Run 'pod install' or update your CocoaPods installation.\" >&2\n    exit 1\nfi\n";
			showEnvVarsInLog = 0;
		};
		A260C216288F4F138E484C4E /* [CP] Embed Pods Frameworks */ = {
			isa = PBXShellScriptBuildPhase;
			buildActionMask = 2147483647;
			files = (
			);
			inputPaths = (
			);
			name = "[CP] Embed Pods Frameworks";
			outputPaths = (
			);
			runOnlyForDeploymentPostprocessing = 0;
			shellPath = /bin/sh;
			shellScript = "\"${SRCROOT}/Pods/Target Support Files/Pods-social-media/Pods-social-media-frameworks.sh\"\n";
			showEnvVarsInLog = 0;
		};
		B694B7FEEE356D1C41C8F287 /* [CP] Copy Pods Resources */ = {
			isa = PBXShellScriptBuildPhase;
			buildActionMask = 2147483647;
			files = (
			);
			inputPaths = (
			);
			name = "[CP] Copy Pods Resources";
			outputPaths = (
			);
			runOnlyForDeploymentPostprocessing = 0;
			shellPath = /bin/sh;
			shellScript = "\"${SRCROOT}/Pods/Target Support Files/Pods-social-mediaUITests/Pods-social-mediaUITests-resources.sh\"\n";
			showEnvVarsInLog = 0;
		};
/* End PBXShellScriptBuildPhase section */

/* Begin PBXSourcesBuildPhase section */
		4B33C27B1F0BB61C006CE84B /* Sources */ = {
			isa = PBXSourcesBuildPhase;
			buildActionMask = 2147483647;
			files = (
				4B33C2851F0BB61C006CE84B /* SignInVC.swift in Sources */,
				4B33C2831F0BB61C006CE84B /* AppDelegate.swift in Sources */,
			);
			runOnlyForDeploymentPostprocessing = 0;
		};
		4B33C28F1F0BB61C006CE84B /* Sources */ = {
			isa = PBXSourcesBuildPhase;
			buildActionMask = 2147483647;
			files = (
				4B33C2981F0BB61C006CE84B /* social_mediaTests.swift in Sources */,
			);
			runOnlyForDeploymentPostprocessing = 0;
		};
		4B33C29A1F0BB61C006CE84B /* Sources */ = {
			isa = PBXSourcesBuildPhase;
			buildActionMask = 2147483647;
			files = (
				4B33C2A31F0BB61C006CE84B /* social_mediaUITests.swift in Sources */,
			);
			runOnlyForDeploymentPostprocessing = 0;
		};
/* End PBXSourcesBuildPhase section */

/* Begin PBXTargetDependency section */
		4B33C2951F0BB61C006CE84B /* PBXTargetDependency */ = {
			isa = PBXTargetDependency;
			target = 4B33C27E1F0BB61C006CE84B /* social-media */;
			targetProxy = 4B33C2941F0BB61C006CE84B /* PBXContainerItemProxy */;
		};
		4B33C2A01F0BB61C006CE84B /* PBXTargetDependency */ = {
			isa = PBXTargetDependency;
			target = 4B33C27E1F0BB61C006CE84B /* social-media */;
			targetProxy = 4B33C29F1F0BB61C006CE84B /* PBXContainerItemProxy */;
		};
/* End PBXTargetDependency section */

/* Begin PBXVariantGroup section */
		4B33C2861F0BB61C006CE84B /* Main.storyboard */ = {
			isa = PBXVariantGroup;
			children = (
				4B33C2871F0BB61C006CE84B /* Base */,
			);
			name = Main.storyboard;
			sourceTree = "<group>";
		};
		4B33C28B1F0BB61C006CE84B /* LaunchScreen.storyboard */ = {
			isa = PBXVariantGroup;
			children = (
				4B33C28C1F0BB61C006CE84B /* Base */,
			);
			name = LaunchScreen.storyboard;
			sourceTree = "<group>";
		};
/* End PBXVariantGroup section */

/* Begin XCBuildConfiguration section */
		4B33C2A51F0BB61C006CE84B /* Debug */ = {
			isa = XCBuildConfiguration;
			buildSettings = {
				ALWAYS_SEARCH_USER_PATHS = NO;
				CLANG_ANALYZER_NONNULL = YES;
				CLANG_ANALYZER_NUMBER_OBJECT_CONVERSION = YES_AGGRESSIVE;
				CLANG_CXX_LANGUAGE_STANDARD = "gnu++0x";
				CLANG_CXX_LIBRARY = "libc++";
				CLANG_ENABLE_MODULES = YES;
				CLANG_ENABLE_OBJC_ARC = YES;
				CLANG_WARN_BOOL_CONVERSION = YES;
				CLANG_WARN_CONSTANT_CONVERSION = YES;
				CLANG_WARN_DIRECT_OBJC_ISA_USAGE = YES_ERROR;
				CLANG_WARN_DOCUMENTATION_COMMENTS = YES;
				CLANG_WARN_EMPTY_BODY = YES;
				CLANG_WARN_ENUM_CONVERSION = YES;
				CLANG_WARN_INFINITE_RECURSION = YES;
				CLANG_WARN_INT_CONVERSION = YES;
				CLANG_WARN_OBJC_ROOT_CLASS = YES_ERROR;
				CLANG_WARN_SUSPICIOUS_MOVE = YES;
				CLANG_WARN_UNREACHABLE_CODE = YES;
				CLANG_WARN__DUPLICATE_METHOD_MATCH = YES;
				"CODE_SIGN_IDENTITY[sdk=iphoneos*]" = "iPhone Developer";
				COPY_PHASE_STRIP = NO;
				DEBUG_INFORMATION_FORMAT = dwarf;
				ENABLE_STRICT_OBJC_MSGSEND = YES;
				ENABLE_TESTABILITY = YES;
				GCC_C_LANGUAGE_STANDARD = gnu99;
				GCC_DYNAMIC_NO_PIC = NO;
				GCC_NO_COMMON_BLOCKS = YES;
				GCC_OPTIMIZATION_LEVEL = 0;
				GCC_PREPROCESSOR_DEFINITIONS = (
					"DEBUG=1",
					"$(inherited)",
				);
				GCC_WARN_64_TO_32_BIT_CONVERSION = YES;
				GCC_WARN_ABOUT_RETURN_TYPE = YES_ERROR;
				GCC_WARN_UNDECLARED_SELECTOR = YES;
				GCC_WARN_UNINITIALIZED_AUTOS = YES_AGGRESSIVE;
				GCC_WARN_UNUSED_FUNCTION = YES;
				GCC_WARN_UNUSED_VARIABLE = YES;
				IPHONEOS_DEPLOYMENT_TARGET = 10.3;
				MTL_ENABLE_DEBUG_INFO = YES;
				ONLY_ACTIVE_ARCH = YES;
				SDKROOT = iphoneos;
				SWIFT_ACTIVE_COMPILATION_CONDITIONS = DEBUG;
				SWIFT_OPTIMIZATION_LEVEL = "-Onone";
				TARGETED_DEVICE_FAMILY = "1,2";
			};
			name = Debug;
		};
		4B33C2A61F0BB61C006CE84B /* Release */ = {
			isa = XCBuildConfiguration;
			buildSettings = {
				ALWAYS_SEARCH_USER_PATHS = NO;
				CLANG_ANALYZER_NONNULL = YES;
				CLANG_ANALYZER_NUMBER_OBJECT_CONVERSION = YES_AGGRESSIVE;
				CLANG_CXX_LANGUAGE_STANDARD = "gnu++0x";
				CLANG_CXX_LIBRARY = "libc++";
				CLANG_ENABLE_MODULES = YES;
				CLANG_ENABLE_OBJC_ARC = YES;
				CLANG_WARN_BOOL_CONVERSION = YES;
				CLANG_WARN_CONSTANT_CONVERSION = YES;
				CLANG_WARN_DIRECT_OBJC_ISA_USAGE = YES_ERROR;
				CLANG_WARN_DOCUMENTATION_COMMENTS = YES;
				CLANG_WARN_EMPTY_BODY = YES;
				CLANG_WARN_ENUM_CONVERSION = YES;
				CLANG_WARN_INFINITE_RECURSION = YES;
				CLANG_WARN_INT_CONVERSION = YES;
				CLANG_WARN_OBJC_ROOT_CLASS = YES_ERROR;
				CLANG_WARN_SUSPICIOUS_MOVE = YES;
				CLANG_WARN_UNREACHABLE_CODE = YES;
				CLANG_WARN__DUPLICATE_METHOD_MATCH = YES;
				"CODE_SIGN_IDENTITY[sdk=iphoneos*]" = "iPhone Developer";
				COPY_PHASE_STRIP = NO;
				DEBUG_INFORMATION_FORMAT = "dwarf-with-dsym";
				ENABLE_NS_ASSERTIONS = NO;
				ENABLE_STRICT_OBJC_MSGSEND = YES;
				GCC_C_LANGUAGE_STANDARD = gnu99;
				GCC_NO_COMMON_BLOCKS = YES;
				GCC_WARN_64_TO_32_BIT_CONVERSION = YES;
				GCC_WARN_ABOUT_RETURN_TYPE = YES_ERROR;
				GCC_WARN_UNDECLARED_SELECTOR = YES;
				GCC_WARN_UNINITIALIZED_AUTOS = YES_AGGRESSIVE;
				GCC_WARN_UNUSED_FUNCTION = YES;
				GCC_WARN_UNUSED_VARIABLE = YES;
				IPHONEOS_DEPLOYMENT_TARGET = 10.3;
				MTL_ENABLE_DEBUG_INFO = NO;
				SDKROOT = iphoneos;
				SWIFT_OPTIMIZATION_LEVEL = "-Owholemodule";
				TARGETED_DEVICE_FAMILY = "1,2";
				VALIDATE_PRODUCT = YES;
			};
			name = Release;
		};
		4B33C2A81F0BB61C006CE84B /* Debug */ = {
			isa = XCBuildConfiguration;
			baseConfigurationReference = E1F0E0355D2338B672F96396 /* Pods-social-media.debug.xcconfig */;
			buildSettings = {
				ASSETCATALOG_COMPILER_APPICON_NAME = AppIcon;
				DEVELOPMENT_TEAM = P7A6STVL96;
				INFOPLIST_FILE = "social-media/Info.plist";
				LD_RUNPATH_SEARCH_PATHS = "$(inherited) @executable_path/Frameworks";
				PRODUCT_BUNDLE_IDENTIFIER = "hemanshu.social-media";
				PRODUCT_NAME = "$(TARGET_NAME)";
				SWIFT_VERSION = 3.0;
			};
			name = Debug;
		};
		4B33C2A91F0BB61C006CE84B /* Release */ = {
			isa = XCBuildConfiguration;
			baseConfigurationReference = D3D1A3A6448FFC982C4E2067 /* Pods-social-media.release.xcconfig */;
			buildSettings = {
				ASSETCATALOG_COMPILER_APPICON_NAME = AppIcon;
				DEVELOPMENT_TEAM = P7A6STVL96;
				INFOPLIST_FILE = "social-media/Info.plist";
				LD_RUNPATH_SEARCH_PATHS = "$(inherited) @executable_path/Frameworks";
				PRODUCT_BUNDLE_IDENTIFIER = "hemanshu.social-media";
				PRODUCT_NAME = "$(TARGET_NAME)";
				SWIFT_VERSION = 3.0;
			};
			name = Release;
		};
		4B33C2AB1F0BB61C006CE84B /* Debug */ = {
			isa = XCBuildConfiguration;
			baseConfigurationReference = 467FFA353307BDE6BE8B99DB /* Pods-social-mediaTests.debug.xcconfig */;
			buildSettings = {
				ALWAYS_EMBED_SWIFT_STANDARD_LIBRARIES = YES;
				BUNDLE_LOADER = "$(TEST_HOST)";
				DEVELOPMENT_TEAM = P7A6STVL96;
				INFOPLIST_FILE = "social-mediaTests/Info.plist";
				LD_RUNPATH_SEARCH_PATHS = "$(inherited) @executable_path/Frameworks @loader_path/Frameworks";
				PRODUCT_BUNDLE_IDENTIFIER = "hemanshu.social-mediaTests";
				PRODUCT_NAME = "$(TARGET_NAME)";
				SWIFT_VERSION = 3.0;
				TEST_HOST = "$(BUILT_PRODUCTS_DIR)/social-media.app/social-media";
			};
			name = Debug;
		};
		4B33C2AC1F0BB61C006CE84B /* Release */ = {
			isa = XCBuildConfiguration;
			baseConfigurationReference = FD01FD9AE00986CC638AEC58 /* Pods-social-mediaTests.release.xcconfig */;
			buildSettings = {
				ALWAYS_EMBED_SWIFT_STANDARD_LIBRARIES = YES;
				BUNDLE_LOADER = "$(TEST_HOST)";
				DEVELOPMENT_TEAM = P7A6STVL96;
				INFOPLIST_FILE = "social-mediaTests/Info.plist";
				LD_RUNPATH_SEARCH_PATHS = "$(inherited) @executable_path/Frameworks @loader_path/Frameworks";
				PRODUCT_BUNDLE_IDENTIFIER = "hemanshu.social-mediaTests";
				PRODUCT_NAME = "$(TARGET_NAME)";
				SWIFT_VERSION = 3.0;
				TEST_HOST = "$(BUILT_PRODUCTS_DIR)/social-media.app/social-media";
			};
			name = Release;
		};
		4B33C2AE1F0BB61C006CE84B /* Debug */ = {
			isa = XCBuildConfiguration;
			baseConfigurationReference = 128E0F462C7F1317A693D20E /* Pods-social-mediaUITests.debug.xcconfig */;
			buildSettings = {
				ALWAYS_EMBED_SWIFT_STANDARD_LIBRARIES = YES;
				DEVELOPMENT_TEAM = P7A6STVL96;
				INFOPLIST_FILE = "social-mediaUITests/Info.plist";
				LD_RUNPATH_SEARCH_PATHS = "$(inherited) @executable_path/Frameworks @loader_path/Frameworks";
				PRODUCT_BUNDLE_IDENTIFIER = "hemanshu.social-mediaUITests";
				PRODUCT_NAME = "$(TARGET_NAME)";
				SWIFT_VERSION = 3.0;
				TEST_TARGET_NAME = "social-media";
			};
			name = Debug;
		};
		4B33C2AF1F0BB61C006CE84B /* Release */ = {
			isa = XCBuildConfiguration;
			baseConfigurationReference = 750CE08D24C0C292C74891D0 /* Pods-social-mediaUITests.release.xcconfig */;
			buildSettings = {
				ALWAYS_EMBED_SWIFT_STANDARD_LIBRARIES = YES;
				DEVELOPMENT_TEAM = P7A6STVL96;
				INFOPLIST_FILE = "social-mediaUITests/Info.plist";
				LD_RUNPATH_SEARCH_PATHS = "$(inherited) @executable_path/Frameworks @loader_path/Frameworks";
				PRODUCT_BUNDLE_IDENTIFIER = "hemanshu.social-mediaUITests";
				PRODUCT_NAME = "$(TARGET_NAME)";
				SWIFT_VERSION = 3.0;
				TEST_TARGET_NAME = "social-media";
			};
			name = Release;
		};
/* End XCBuildConfiguration section */

/* Begin XCConfigurationList section */
		4B33C27A1F0BB61C006CE84B /* Build configuration list for PBXProject "social-media" */ = {
			isa = XCConfigurationList;
			buildConfigurations = (
				4B33C2A51F0BB61C006CE84B /* Debug */,
				4B33C2A61F0BB61C006CE84B /* Release */,
			);
			defaultConfigurationIsVisible = 0;
			defaultConfigurationName = Release;
		};
		4B33C2A71F0BB61C006CE84B /* Build configuration list for PBXNativeTarget "social-media" */ = {
			isa = XCConfigurationList;
			buildConfigurations = (
				4B33C2A81F0BB61C006CE84B /* Debug */,
				4B33C2A91F0BB61C006CE84B /* Release */,
			);
			defaultConfigurationIsVisible = 0;
			defaultConfigurationName = Release;
		};
		4B33C2AA1F0BB61C006CE84B /* Build configuration list for PBXNativeTarget "social-mediaTests" */ = {
			isa = XCConfigurationList;
			buildConfigurations = (
				4B33C2AB1F0BB61C006CE84B /* Debug */,
				4B33C2AC1F0BB61C006CE84B /* Release */,
			);
			defaultConfigurationIsVisible = 0;
			defaultConfigurationName = Release;
		};
		4B33C2AD1F0BB61C006CE84B /* Build configuration list for PBXNativeTarget "social-mediaUITests" */ = {
			isa = XCConfigurationList;
			buildConfigurations = (
				4B33C2AE1F0BB61C006CE84B /* Debug */,
				4B33C2AF1F0BB61C006CE84B /* Release */,
			);
			defaultConfigurationIsVisible = 0;
			defaultConfigurationName = Release;
		};
/* End XCConfigurationList section */
	};
	rootObject = 4B33C2771F0BB61C006CE84B /* Project object */;
}
